
Microsoft Visual Studio Solution File, Format Version 11.00
# Visual C++ Express 2010
Project("{8BC9CEB8-8B4A-11D0-8D11-00A0C91BC942}") = "defaultconstructor", "defaultconstructor\defaultconstructor.vcxproj", "{CC13BB2D-B728-4D51-8256-A06F5B9130F9}"
EndProject
Global
	GlobalSection(SolutionConfigurationPlatforms) = preSolution
		Debug|Win32 = Debug|Win32
		Release|Win32 = Release|Win32
	EndGlobalSection
	GlobalSection(ProjectConfigurationPlatforms) = postSolution
		{CC13BB2D-B728-4D51-8256-A06F5B9130F9}.Debug|Win32.ActiveCfg = Debug|Win32
		{CC13BB2D-B728-4D51-8256-A06F5B9130F9}.Debug|Win32.Build.0 = Debug|Win32
		{CC13BB2D-B728-4D51-8256-A06F5B9130F9}.Release|Win32.ActiveCfg = Release|Win32
		{CC13BB2D-B728-4D51-8256-A06F5B9130F9}.Release|Win32.Build.0 = Release|Win32
	EndGlobalSection
	GlobalSection(SolutionProperties) = preSolution
		HideSolutionNode = FALSE
	EndGlobalSection
EndGlobal
