
Microsoft Visual Studio Solution File, Format Version 11.00
# Visual C++ Express 2010
Project("{8BC9CEB8-8B4A-11D0-8D11-00A0C91BC942}") = "radix", "radix\radix.vcxproj", "{ACBDD527-9789-4B2B-A725-F20F08D13A30}"
EndProject
Global
	GlobalSection(SolutionConfigurationPlatforms) = preSolution
		Debug|Win32 = Debug|Win32
		Release|Win32 = Release|Win32
	EndGlobalSection
	GlobalSection(ProjectConfigurationPlatforms) = postSolution
		{ACBDD527-9789-4B2B-A725-F20F08D13A30}.Debug|Win32.ActiveCfg = Debug|Win32
		{ACBDD527-9789-4B2B-A725-F20F08D13A30}.Debug|Win32.Build.0 = Debug|Win32
		{ACBDD527-9789-4B2B-A725-F20F08D13A30}.Release|Win32.ActiveCfg = Release|Win32
		{ACBDD527-9789-4B2B-A725-F20F08D13A30}.Release|Win32.Build.0 = Release|Win32
	EndGlobalSection
	GlobalSection(SolutionProperties) = preSolution
		HideSolutionNode = FALSE
	EndGlobalSection
EndGlobal
