
Microsoft Visual Studio Solution File, Format Version 11.00
# Visual C++ Express 2010
Project("{8BC9CEB8-8B4A-11D0-8D11-00A0C91BC942}") = "doublelinked", "doublelinked\doublelinked.vcxproj", "{AA172311-8513-4778-A07D-BB3990D94467}"
EndProject
Global
	GlobalSection(SolutionConfigurationPlatforms) = preSolution
		Debug|Win32 = Debug|Win32
		Release|Win32 = Release|Win32
	EndGlobalSection
	GlobalSection(ProjectConfigurationPlatforms) = postSolution
		{AA172311-8513-4778-A07D-BB3990D94467}.Debug|Win32.ActiveCfg = Debug|Win32
		{AA172311-8513-4778-A07D-BB3990D94467}.Debug|Win32.Build.0 = Debug|Win32
		{AA172311-8513-4778-A07D-BB3990D94467}.Release|Win32.ActiveCfg = Release|Win32
		{AA172311-8513-4778-A07D-BB3990D94467}.Release|Win32.Build.0 = Release|Win32
	EndGlobalSection
	GlobalSection(SolutionProperties) = preSolution
		HideSolutionNode = FALSE
	EndGlobalSection
EndGlobal
