
Microsoft Visual Studio Solution File, Format Version 11.00
# Visual C++ Express 2010
Project("{8BC9CEB8-8B4A-11D0-8D11-00A0C91BC942}") = "pro2", "pro2\pro2.vcxproj", "{FB8DB43C-1C15-4AA1-8709-0634586C7575}"
EndProject
Global
	GlobalSection(SolutionConfigurationPlatforms) = preSolution
		Debug|Win32 = Debug|Win32
		Release|Win32 = Release|Win32
	EndGlobalSection
	GlobalSection(ProjectConfigurationPlatforms) = postSolution
		{FB8DB43C-1C15-4AA1-8709-0634586C7575}.Debug|Win32.ActiveCfg = Debug|Win32
		{FB8DB43C-1C15-4AA1-8709-0634586C7575}.Debug|Win32.Build.0 = Debug|Win32
		{FB8DB43C-1C15-4AA1-8709-0634586C7575}.Release|Win32.ActiveCfg = Release|Win32
		{FB8DB43C-1C15-4AA1-8709-0634586C7575}.Release|Win32.Build.0 = Release|Win32
	EndGlobalSection
	GlobalSection(SolutionProperties) = preSolution
		HideSolutionNode = FALSE
	EndGlobalSection
EndGlobal
