
Microsoft Visual Studio Solution File, Format Version 11.00
# Visual C++ Express 2010
Project("{8BC9CEB8-8B4A-11D0-8D11-00A0C91BC942}") = "add", "add\add.vcxproj", "{CC8036F7-6E52-4ACD-823E-1A434E7372BD}"
EndProject
Global
	GlobalSection(SolutionConfigurationPlatforms) = preSolution
		Debug|Win32 = Debug|Win32
		Release|Win32 = Release|Win32
	EndGlobalSection
	GlobalSection(ProjectConfigurationPlatforms) = postSolution
		{CC8036F7-6E52-4ACD-823E-1A434E7372BD}.Debug|Win32.ActiveCfg = Debug|Win32
		{CC8036F7-6E52-4ACD-823E-1A434E7372BD}.Debug|Win32.Build.0 = Debug|Win32
		{CC8036F7-6E52-4ACD-823E-1A434E7372BD}.Release|Win32.ActiveCfg = Release|Win32
		{CC8036F7-6E52-4ACD-823E-1A434E7372BD}.Release|Win32.Build.0 = Release|Win32
	EndGlobalSection
	GlobalSection(SolutionProperties) = preSolution
		HideSolutionNode = FALSE
	EndGlobalSection
EndGlobal
