
Microsoft Visual Studio Solution File, Format Version 11.00
# Visual C++ Express 2010
Project("{8BC9CEB8-8B4A-11D0-8D11-00A0C91BC942}") = "multiple_inheritance", "multiple_inheritance\multiple_inheritance.vcxproj", "{DE9E82E0-EEC7-4E27-A594-51560E967396}"
EndProject
Global
	GlobalSection(SolutionConfigurationPlatforms) = preSolution
		Debug|Win32 = Debug|Win32
		Release|Win32 = Release|Win32
	EndGlobalSection
	GlobalSection(ProjectConfigurationPlatforms) = postSolution
		{DE9E82E0-EEC7-4E27-A594-51560E967396}.Debug|Win32.ActiveCfg = Debug|Win32
		{DE9E82E0-EEC7-4E27-A594-51560E967396}.Debug|Win32.Build.0 = Debug|Win32
		{DE9E82E0-EEC7-4E27-A594-51560E967396}.Release|Win32.ActiveCfg = Release|Win32
		{DE9E82E0-EEC7-4E27-A594-51560E967396}.Release|Win32.Build.0 = Release|Win32
	EndGlobalSection
	GlobalSection(SolutionProperties) = preSolution
		HideSolutionNode = FALSE
	EndGlobalSection
EndGlobal
