
Microsoft Visual Studio Solution File, Format Version 11.00
# Visual C++ Express 2010
Project("{8BC9CEB8-8B4A-11D0-8D11-00A0C91BC942}") = "pattern", "pattern\pattern.vcxproj", "{EB466589-13BF-4A0B-BFD5-653193F6A161}"
EndProject
Global
	GlobalSection(SolutionConfigurationPlatforms) = preSolution
		Debug|Win32 = Debug|Win32
		Release|Win32 = Release|Win32
	EndGlobalSection
	GlobalSection(ProjectConfigurationPlatforms) = postSolution
		{EB466589-13BF-4A0B-BFD5-653193F6A161}.Debug|Win32.ActiveCfg = Debug|Win32
		{EB466589-13BF-4A0B-BFD5-653193F6A161}.Debug|Win32.Build.0 = Debug|Win32
		{EB466589-13BF-4A0B-BFD5-653193F6A161}.Release|Win32.ActiveCfg = Release|Win32
		{EB466589-13BF-4A0B-BFD5-653193F6A161}.Release|Win32.Build.0 = Release|Win32
	EndGlobalSection
	GlobalSection(SolutionProperties) = preSolution
		HideSolutionNode = FALSE
	EndGlobalSection
EndGlobal
